
Microsoft Visual Studio Solution File, Format Version 12.00
# Visual Studio Version 16
VisualStudioVersion = 16.0.29215.179
MinimumVisualStudioVersion = 10.0.40219.1
Project("{FAE04EC0-301F-11D3-BF4B-00C04F79EFBC}") = "Entidades47", "Entidades\Entidades47.csproj", "{B5D6008A-98F2-4527-8205-3D1217348A0B}"
EndProject
Project("{FAE04EC0-301F-11D3-BF4B-00C04F79EFBC}") = "ProgramaTorneos", "ProgramaTorneos\ProgramaTorneos.csproj", "{B4C4EF6A-319F-4290-8AA8-40E4BFC21363}"
EndProject
Global
	GlobalSection(SolutionConfigurationPlatforms) = preSolution
		Debug|Any CPU = Debug|Any CPU
		Release|Any CPU = Release|Any CPU
	EndGlobalSection
	GlobalSection(ProjectConfigurationPlatforms) = postSolution
		{B5D6008A-98F2-4527-8205-3D1217348A0B}.Debug|Any CPU.ActiveCfg = Debug|Any CPU
		{B5D6008A-98F2-4527-8205-3D1217348A0B}.Debug|Any CPU.Build.0 = Debug|Any CPU
		{B5D6008A-98F2-4527-8205-3D1217348A0B}.Release|Any CPU.ActiveCfg = Release|Any CPU
		{B5D6008A-98F2-4527-8205-3D1217348A0B}.Release|Any CPU.Build.0 = Release|Any CPU
		{B4C4EF6A-319F-4290-8AA8-40E4BFC21363}.Debug|Any CPU.ActiveCfg = Debug|Any CPU
		{B4C4EF6A-319F-4290-8AA8-40E4BFC21363}.Debug|Any CPU.Build.0 = Debug|Any CPU
		{B4C4EF6A-319F-4290-8AA8-40E4BFC21363}.Release|Any CPU.ActiveCfg = Release|Any CPU
		{B4C4EF6A-319F-4290-8AA8-40E4BFC21363}.Release|Any CPU.Build.0 = Release|Any CPU
	EndGlobalSection
	GlobalSection(SolutionProperties) = preSolution
		HideSolutionNode = FALSE
	EndGlobalSection
	GlobalSection(ExtensibilityGlobals) = postSolution
		SolutionGuid = {884CD8E1-B676-4782-AA3E-BE39D3E01267}
	EndGlobalSection
EndGlobal
