
Microsoft Visual Studio Solution File, Format Version 12.00
# Visual Studio 15
VisualStudioVersion = 15.0.27703.2047
MinimumVisualStudioVersion = 10.0.40219.1
Project("{FAE04EC0-301F-11D3-BF4B-00C04F79EFBC}") = "FormArchivos", "FormArchivos\FormArchivos.csproj", "{6C512762-B377-4DE2-B4DB-63F56038FE97}"
EndProject
Global
	GlobalSection(SolutionConfigurationPlatforms) = preSolution
		Debug|Any CPU = Debug|Any CPU
		Release|Any CPU = Release|Any CPU
	EndGlobalSection
	GlobalSection(ProjectConfigurationPlatforms) = postSolution
		{6C512762-B377-4DE2-B4DB-63F56038FE97}.Debug|Any CPU.ActiveCfg = Debug|Any CPU
		{6C512762-B377-4DE2-B4DB-63F56038FE97}.Debug|Any CPU.Build.0 = Debug|Any CPU
		{6C512762-B377-4DE2-B4DB-63F56038FE97}.Release|Any CPU.ActiveCfg = Release|Any CPU
		{6C512762-B377-4DE2-B4DB-63F56038FE97}.Release|Any CPU.Build.0 = Release|Any CPU
	EndGlobalSection
	GlobalSection(SolutionProperties) = preSolution
		HideSolutionNode = FALSE
	EndGlobalSection
	GlobalSection(ExtensibilityGlobals) = postSolution
		SolutionGuid = {EDD192E5-4A6D-4121-879E-07190DA69E35}
	EndGlobalSection
EndGlobal
