
Microsoft Visual Studio Solution File, Format Version 12.00
# Visual Studio 15
VisualStudioVersion = 15.0.27703.2047
MinimumVisualStudioVersion = 10.0.40219.1
Project("{FAE04EC0-301F-11D3-BF4B-00C04F79EFBC}") = "Ejercicio20", "Ejercicio20\Ejercicio20.csproj", "{09EB2E3C-83D1-4A26-8D7E-684CE7E22D4F}"
EndProject
Global
	GlobalSection(SolutionConfigurationPlatforms) = preSolution
		Debug|Any CPU = Debug|Any CPU
		Release|Any CPU = Release|Any CPU
	EndGlobalSection
	GlobalSection(ProjectConfigurationPlatforms) = postSolution
		{09EB2E3C-83D1-4A26-8D7E-684CE7E22D4F}.Debug|Any CPU.ActiveCfg = Debug|Any CPU
		{09EB2E3C-83D1-4A26-8D7E-684CE7E22D4F}.Debug|Any CPU.Build.0 = Debug|Any CPU
		{09EB2E3C-83D1-4A26-8D7E-684CE7E22D4F}.Release|Any CPU.ActiveCfg = Release|Any CPU
		{09EB2E3C-83D1-4A26-8D7E-684CE7E22D4F}.Release|Any CPU.Build.0 = Release|Any CPU
	EndGlobalSection
	GlobalSection(SolutionProperties) = preSolution
		HideSolutionNode = FALSE
	EndGlobalSection
	GlobalSection(ExtensibilityGlobals) = postSolution
		SolutionGuid = {26C1D5E9-BEE0-4978-8C77-02A01F062319}
	EndGlobalSection
EndGlobal
